// !$*UTF8*$!
{
	archiveVersion = 1;
	classes = {
	};
	objectVersion = 55;
	objects = {

/* Begin PBXBuildFile section */
		A223083B28FE6AB800B1E4AE /* AppDelegate.swift in Sources */ = {isa = PBXBuildFile; fileRef = A223083A28FE6AB800B1E4AE /* AppDelegate.swift */; };
		A223083D28FE6AB800B1E4AE /* SceneDelegate.swift in Sources */ = {isa = PBXBuildFile; fileRef = A223083C28FE6AB800B1E4AE /* SceneDelegate.swift */; };
		A223083F28FE6AB800B1E4AE /* BookListViewController.swift in Sources */ = {isa = PBXBuildFile; fileRef = A223083E28FE6AB800B1E4AE /* BookListViewController.swift */; };
		A223084428FE6ABA00B1E4AE /* Assets.xcassets in Resources */ = {isa = PBXBuildFile; fileRef = A223084328FE6ABA00B1E4AE /* Assets.xcassets */; };
		A223084728FE6ABA00B1E4AE /* LaunchScreen.storyboard in Resources */ = {isa = PBXBuildFile; fileRef = A223084528FE6ABA00B1E4AE /* LaunchScreen.storyboard */; };
		A223085228FE6ABA00B1E4AE /* BookStoreTests.swift in Sources */ = {isa = PBXBuildFile; fileRef = A223085128FE6ABA00B1E4AE /* BookStoreTests.swift */; };
		A223085C28FE6ABA00B1E4AE /* BookStoreUITests.swift in Sources */ = {isa = PBXBuildFile; fileRef = A223085B28FE6ABA00B1E4AE /* BookStoreUITests.swift */; };
		A223085E28FE6ABA00B1E4AE /* BookStoreUITestsLaunchTests.swift in Sources */ = {isa = PBXBuildFile; fileRef = A223085D28FE6ABA00B1E4AE /* BookStoreUITestsLaunchTests.swift */; };
		A260671428FE7BD700BC8761 /* SnapKit in Frameworks */ = {isa = PBXBuildFile; productRef = A260671328FE7BD700BC8761 /* SnapKit */; };
		A260671628FE7C0300BC8761 /* UIView+Extensions.swift in Sources */ = {isa = PBXBuildFile; fileRef = A260671528FE7C0300BC8761 /* UIView+Extensions.swift */; };
/* End PBXBuildFile section */

/* Begin PBXContainerItemProxy section */
		A223084E28FE6ABA00B1E4AE /* PBXContainerItemProxy */ = {
			isa = PBXContainerItemProxy;
			containerPortal = A223082F28FE6AB800B1E4AE /* Project object */;
			proxyType = 1;
			remoteGlobalIDString = A223083628FE6AB800B1E4AE;
			remoteInfo = BookStore;
		};
		A223085828FE6ABA00B1E4AE /* PBXContainerItemProxy */ = {
			isa = PBXContainerItemProxy;
			containerPortal = A223082F28FE6AB800B1E4AE /* Project object */;
			proxyType = 1;
			remoteGlobalIDString = A223083628FE6AB800B1E4AE;
			remoteInfo = BookStore;
		};
/* End PBXContainerItemProxy section */

/* Begin PBXFileReference section */
		A223083728FE6AB800B1E4AE /* BookStore.app */ = {isa = PBXFileReference; explicitFileType = wrapper.application; includeInIndex = 0; path = BookStore.app; sourceTree = BUILT_PRODUCTS_DIR; };
		A223083A28FE6AB800B1E4AE /* AppDelegate.swift */ = {isa = PBXFileReference; lastKnownFileType = sourcecode.swift; path = AppDelegate.swift; sourceTree = "<group>"; };
		A223083C28FE6AB800B1E4AE /* SceneDelegate.swift */ = {isa = PBXFileReference; lastKnownFileType = sourcecode.swift; path = SceneDelegate.swift; sourceTree = "<group>"; };
		A223083E28FE6AB800B1E4AE /* BookListViewController.swift */ = {isa = PBXFileReference; lastKnownFileType = sourcecode.swift; path = BookListViewController.swift; sourceTree = "<group>"; };
		A223084328FE6ABA00B1E4AE /* Assets.xcassets */ = {isa = PBXFileReference; lastKnownFileType = folder.assetcatalog; path = Assets.xcassets; sourceTree = "<group>"; };
		A223084628FE6ABA00B1E4AE /* Base */ = {isa = PBXFileReference; lastKnownFileType = file.storyboard; name = Base; path = Base.lproj/LaunchScreen.storyboard; sourceTree = "<group>"; };
		A223084828FE6ABA00B1E4AE /* Info.plist */ = {isa = PBXFileReference; lastKnownFileType = text.plist.xml; path = Info.plist; sourceTree = "<group>"; };
		A223084D28FE6ABA00B1E4AE /* BookStoreTests.xctest */ = {isa = PBXFileReference; explicitFileType = wrapper.cfbundle; includeInIndex = 0; path = BookStoreTests.xctest; sourceTree = BUILT_PRODUCTS_DIR; };
		A223085128FE6ABA00B1E4AE /* BookStoreTests.swift */ = {isa = PBXFileReference; lastKnownFileType = sourcecode.swift; path = BookStoreTests.swift; sourceTree = "<group>"; };
		A223085728FE6ABA00B1E4AE /* BookStoreUITests.xctest */ = {isa = PBXFileReference; explicitFileType = wrapper.cfbundle; includeInIndex = 0; path = BookStoreUITests.xctest; sourceTree = BUILT_PRODUCTS_DIR; };
		A223085B28FE6ABA00B1E4AE /* BookStoreUITests.swift */ = {isa = PBXFileReference; lastKnownFileType = sourcecode.swift; path = BookStoreUITests.swift; sourceTree = "<group>"; };
		A223085D28FE6ABA00B1E4AE /* BookStoreUITestsLaunchTests.swift */ = {isa = PBXFileReference; lastKnownFileType = sourcecode.swift; path = BookStoreUITestsLaunchTests.swift; sourceTree = "<group>"; };
		A260671528FE7C0300BC8761 /* UIView+Extensions.swift */ = {isa = PBXFileReference; lastKnownFileType = sourcecode.swift; path = "UIView+Extensions.swift"; sourceTree = "<group>"; };
/* End PBXFileReference section */

/* Begin PBXFrameworksBuildPhase section */
		A223083428FE6AB800B1E4AE /* Frameworks */ = {
			isa = PBXFrameworksBuildPhase;
			buildActionMask = 2147483647;
			files = (
				A260671428FE7BD700BC8761 /* SnapKit in Frameworks */,
			);
			runOnlyForDeploymentPostprocessing = 0;
		};
		A223084A28FE6ABA00B1E4AE /* Frameworks */ = {
			isa = PBXFrameworksBuildPhase;
			buildActionMask = 2147483647;
			files = (
			);
			runOnlyForDeploymentPostprocessing = 0;
		};
		A223085428FE6ABA00B1E4AE /* Frameworks */ = {
			isa = PBXFrameworksBuildPhase;
			buildActionMask = 2147483647;
			files = (
			);
			runOnlyForDeploymentPostprocessing = 0;
		};
/* End PBXFrameworksBuildPhase section */

/* Begin PBXGroup section */
		A223082E28FE6AB800B1E4AE = {
			isa = PBXGroup;
			children = (
				A223083928FE6AB800B1E4AE /* BookStore */,
				A223085028FE6ABA00B1E4AE /* BookStoreTests */,
				A223085A28FE6ABA00B1E4AE /* BookStoreUITests */,
				A223083828FE6AB800B1E4AE /* Products */,
			);
			sourceTree = "<group>";
		};
		A223083828FE6AB800B1E4AE /* Products */ = {
			isa = PBXGroup;
			children = (
				A223083728FE6AB800B1E4AE /* BookStore.app */,
				A223084D28FE6ABA00B1E4AE /* BookStoreTests.xctest */,
				A223085728FE6ABA00B1E4AE /* BookStoreUITests.xctest */,
			);
			name = Products;
			sourceTree = "<group>";
		};
		A223083928FE6AB800B1E4AE /* BookStore */ = {
			isa = PBXGroup;
			children = (
				A260671728FE7C0600BC8761 /* Extension */,
				A223083A28FE6AB800B1E4AE /* AppDelegate.swift */,
				A223083C28FE6AB800B1E4AE /* SceneDelegate.swift */,
				A223083E28FE6AB800B1E4AE /* BookListViewController.swift */,
				A223084328FE6ABA00B1E4AE /* Assets.xcassets */,
				A223084528FE6ABA00B1E4AE /* LaunchScreen.storyboard */,
				A223084828FE6ABA00B1E4AE /* Info.plist */,
			);
			path = BookStore;
			sourceTree = "<group>";
		};
		A223085028FE6ABA00B1E4AE /* BookStoreTests */ = {
			isa = PBXGroup;
			children = (
				A223085128FE6ABA00B1E4AE /* BookStoreTests.swift */,
			);
			path = BookStoreTests;
			sourceTree = "<group>";
		};
		A223085A28FE6ABA00B1E4AE /* BookStoreUITests */ = {
			isa = PBXGroup;
			children = (
				A223085B28FE6ABA00B1E4AE /* BookStoreUITests.swift */,
				A223085D28FE6ABA00B1E4AE /* BookStoreUITestsLaunchTests.swift */,
			);
			path = BookStoreUITests;
			sourceTree = "<group>";
		};
		A260671728FE7C0600BC8761 /* Extension */ = {
			isa = PBXGroup;
			children = (
				A260671528FE7C0300BC8761 /* UIView+Extensions.swift */,
			);
			path = Extension;
			sourceTree = "<group>";
		};
/* End PBXGroup section */

/* Begin PBXNativeTarget section */
		A223083628FE6AB800B1E4AE /* BookStore */ = {
			isa = PBXNativeTarget;
			buildConfigurationList = A223086128FE6ABA00B1E4AE /* Build configuration list for PBXNativeTarget "BookStore" */;
			buildPhases = (
				A223083328FE6AB800B1E4AE /* Sources */,
				A223083428FE6AB800B1E4AE /* Frameworks */,
				A223083528FE6AB800B1E4AE /* Resources */,
			);
			buildRules = (
			);
			dependencies = (
			);
			name = BookStore;
			packageProductDependencies = (
				A260671328FE7BD700BC8761 /* SnapKit */,
			);
			productName = BookStore;
			productReference = A223083728FE6AB800B1E4AE /* BookStore.app */;
			productType = "com.apple.product-type.application";
		};
		A223084C28FE6ABA00B1E4AE /* BookStoreTests */ = {
			isa = PBXNativeTarget;
			buildConfigurationList = A223086428FE6ABA00B1E4AE /* Build configuration list for PBXNativeTarget "BookStoreTests" */;
			buildPhases = (
				A223084928FE6ABA00B1E4AE /* Sources */,
				A223084A28FE6ABA00B1E4AE /* Frameworks */,
				A223084B28FE6ABA00B1E4AE /* Resources */,
			);
			buildRules = (
			);
			dependencies = (
				A223084F28FE6ABA00B1E4AE /* PBXTargetDependency */,
			);
			name = BookStoreTests;
			productName = BookStoreTests;
			productReference = A223084D28FE6ABA00B1E4AE /* BookStoreTests.xctest */;
			productType = "com.apple.product-type.bundle.unit-test";
		};
		A223085628FE6ABA00B1E4AE /* BookStoreUITests */ = {
			isa = PBXNativeTarget;
			buildConfigurationList = A223086728FE6ABA00B1E4AE /* Build configuration list for PBXNativeTarget "BookStoreUITests" */;
			buildPhases = (
				A223085328FE6ABA00B1E4AE /* Sources */,
				A223085428FE6ABA00B1E4AE /* Frameworks */,
				A223085528FE6ABA00B1E4AE /* Resources */,
			);
			buildRules = (
			);
			dependencies = (
				A223085928FE6ABA00B1E4AE /* PBXTargetDependency */,
			);
			name = BookStoreUITests;
			productName = BookStoreUITests;
			productReference = A223085728FE6ABA00B1E4AE /* BookStoreUITests.xctest */;
			productType = "com.apple.product-type.bundle.ui-testing";
		};
/* End PBXNativeTarget section */

/* Begin PBXProject section */
		A223082F28FE6AB800B1E4AE /* Project object */ = {
			isa = PBXProject;
			attributes = {
				BuildIndependentTargetsInParallel = 1;
				LastSwiftUpdateCheck = 1340;
				LastUpgradeCheck = 1340;
				TargetAttributes = {
					A223083628FE6AB800B1E4AE = {
						CreatedOnToolsVersion = 13.4.1;
					};
					A223084C28FE6ABA00B1E4AE = {
						CreatedOnToolsVersion = 13.4.1;
						TestTargetID = A223083628FE6AB800B1E4AE;
					};
					A223085628FE6ABA00B1E4AE = {
						CreatedOnToolsVersion = 13.4.1;
						TestTargetID = A223083628FE6AB800B1E4AE;
					};
				};
			};
			buildConfigurationList = A223083228FE6AB800B1E4AE /* Build configuration list for PBXProject "BookStore" */;
			compatibilityVersion = "Xcode 13.0";
			developmentRegion = en;
			hasScannedForEncodings = 0;
			knownRegions = (
				en,
				Base,
			);
			mainGroup = A223082E28FE6AB800B1E4AE;
			packageReferences = (
				A260671228FE7BD700BC8761 /* XCRemoteSwiftPackageReference "SnapKit" */,
			);
			productRefGroup = A223083828FE6AB800B1E4AE /* Products */;
			projectDirPath = "";
			projectRoot = "";
			targets = (
				A223083628FE6AB800B1E4AE /* BookStore */,
				A223084C28FE6ABA00B1E4AE /* BookStoreTests */,
				A223085628FE6ABA00B1E4AE /* BookStoreUITests */,
			);
		};
/* End PBXProject section */

/* Begin PBXResourcesBuildPhase section */
		A223083528FE6AB800B1E4AE /* Resources */ = {
			isa = PBXResourcesBuildPhase;
			buildActionMask = 2147483647;
			files = (
				A223084728FE6ABA00B1E4AE /* LaunchScreen.storyboard in Resources */,
				A223084428FE6ABA00B1E4AE /* Assets.xcassets in Resources */,
			);
			runOnlyForDeploymentPostprocessing = 0;
		};
		A223084B28FE6ABA00B1E4AE /* Resources */ = {
			isa = PBXResourcesBuildPhase;
			buildActionMask = 2147483647;
			files = (
			);
			runOnlyForDeploymentPostprocessing = 0;
		};
		A223085528FE6ABA00B1E4AE /* Resources */ = {
			isa = PBXResourcesBuildPhase;
			buildActionMask = 2147483647;
			files = (
			);
			runOnlyForDeploymentPostprocessing = 0;
		};
/* End PBXResourcesBuildPhase section */

/* Begin PBXSourcesBuildPhase section */
		A223083328FE6AB800B1E4AE /* Sources */ = {
			isa = PBXSourcesBuildPhase;
			buildActionMask = 2147483647;
			files = (
				A223083F28FE6AB800B1E4AE /* BookListViewController.swift in Sources */,
				A223083B28FE6AB800B1E4AE /* AppDelegate.swift in Sources */,
				A260671628FE7C0300BC8761 /* UIView+Extensions.swift in Sources */,
				A223083D28FE6AB800B1E4AE /* SceneDelegate.swift in Sources */,
			);
			runOnlyForDeploymentPostprocessing = 0;
		};
		A223084928FE6ABA00B1E4AE /* Sources */ = {
			isa = PBXSourcesBuildPhase;
			buildActionMask = 2147483647;
			files = (
				A223085228FE6ABA00B1E4AE /* BookStoreTests.swift in Sources */,
			);
			runOnlyForDeploymentPostprocessing = 0;
		};
		A223085328FE6ABA00B1E4AE /* Sources */ = {
			isa = PBXSourcesBuildPhase;
			buildActionMask = 2147483647;
			files = (
				A223085C28FE6ABA00B1E4AE /* BookStoreUITests.swift in Sources */,
				A223085E28FE6ABA00B1E4AE /* BookStoreUITestsLaunchTests.swift in Sources */,
			);
			runOnlyForDeploymentPostprocessing = 0;
		};
/* End PBXSourcesBuildPhase section */

/* Begin PBXTargetDependency section */
		A223084F28FE6ABA00B1E4AE /* PBXTargetDependency */ = {
			isa = PBXTargetDependency;
			target = A223083628FE6AB800B1E4AE /* BookStore */;
			targetProxy = A223084E28FE6ABA00B1E4AE /* PBXContainerItemProxy */;
		};
		A223085928FE6ABA00B1E4AE /* PBXTargetDependency */ = {
			isa = PBXTargetDependency;
			target = A223083628FE6AB800B1E4AE /* BookStore */;
			targetProxy = A223085828FE6ABA00B1E4AE /* PBXContainerItemProxy */;
		};
/* End PBXTargetDependency section */

/* Begin PBXVariantGroup section */
		A223084528FE6ABA00B1E4AE /* LaunchScreen.storyboard */ = {
			isa = PBXVariantGroup;
			children = (
				A223084628FE6ABA00B1E4AE /* Base */,
			);
			name = LaunchScreen.storyboard;
			sourceTree = "<group>";
		};
/* End PBXVariantGroup section */

/* Begin XCBuildConfiguration section */
		A223085F28FE6ABA00B1E4AE /* Debug */ = {
			isa = XCBuildConfiguration;
			buildSettings = {
				ALWAYS_SEARCH_USER_PATHS = NO;
				CLANG_ANALYZER_NONNULL = YES;
				CLANG_ANALYZER_NUMBER_OBJECT_CONVERSION = YES_AGGRESSIVE;
				CLANG_CXX_LANGUAGE_STANDARD = "gnu++17";
				CLANG_ENABLE_MODULES = YES;
				CLANG_ENABLE_OBJC_ARC = YES;
				CLANG_ENABLE_OBJC_WEAK = YES;
				CLANG_WARN_BLOCK_CAPTURE_AUTORELEASING = YES;
				CLANG_WARN_BOOL_CONVERSION = YES;
				CLANG_WARN_COMMA = YES;
				CLANG_WARN_CONSTANT_CONVERSION = YES;
				CLANG_WARN_DEPRECATED_OBJC_IMPLEMENTATIONS = YES;
				CLANG_WARN_DIRECT_OBJC_ISA_USAGE = YES_ERROR;
				CLANG_WARN_DOCUMENTATION_COMMENTS = YES;
				CLANG_WARN_EMPTY_BODY = YES;
				CLANG_WARN_ENUM_CONVERSION = YES;
				CLANG_WARN_INFINITE_RECURSION = YES;
				CLANG_WARN_INT_CONVERSION = YES;
				CLANG_WARN_NON_LITERAL_NULL_CONVERSION = YES;
				CLANG_WARN_OBJC_IMPLICIT_RETAIN_SELF = YES;
				CLANG_WARN_OBJC_LITERAL_CONVERSION = YES;
				CLANG_WARN_OBJC_ROOT_CLASS = YES_ERROR;
				CLANG_WARN_QUOTED_INCLUDE_IN_FRAMEWORK_HEADER = YES;
				CLANG_WARN_RANGE_LOOP_ANALYSIS = YES;
				CLANG_WARN_STRICT_PROTOTYPES = YES;
				CLANG_WARN_SUSPICIOUS_MOVE = YES;
				CLANG_WARN_UNGUARDED_AVAILABILITY = YES_AGGRESSIVE;
				CLANG_WARN_UNREACHABLE_CODE = YES;
				CLANG_WARN__DUPLICATE_METHOD_MATCH = YES;
				COPY_PHASE_STRIP = NO;
				DEBUG_INFORMATION_FORMAT = dwarf;
				ENABLE_STRICT_OBJC_MSGSEND = YES;
				ENABLE_TESTABILITY = YES;
				GCC_C_LANGUAGE_STANDARD = gnu11;
				GCC_DYNAMIC_NO_PIC = NO;
				GCC_NO_COMMON_BLOCKS = YES;
				GCC_OPTIMIZATION_LEVEL = 0;
				GCC_PREPROCESSOR_DEFINITIONS = (
					"DEBUG=1",
					"$(inherited)",
				);
				GCC_WARN_64_TO_32_BIT_CONVERSION = YES;
				GCC_WARN_ABOUT_RETURN_TYPE = YES_ERROR;
				GCC_WARN_UNDECLARED_SELECTOR = YES;
				GCC_WARN_UNINITIALIZED_AUTOS = YES_AGGRESSIVE;
				GCC_WARN_UNUSED_FUNCTION = YES;
				GCC_WARN_UNUSED_VARIABLE = YES;
				IPHONEOS_DEPLOYMENT_TARGET = 15.5;
				MTL_ENABLE_DEBUG_INFO = INCLUDE_SOURCE;
				MTL_FAST_MATH = YES;
				ONLY_ACTIVE_ARCH = YES;
				SDKROOT = iphoneos;
				SWIFT_ACTIVE_COMPILATION_CONDITIONS = DEBUG;
				SWIFT_OPTIMIZATION_LEVEL = "-Onone";
			};
			name = Debug;
		};
		A223086028FE6ABA00B1E4AE /* Release */ = {
			isa = XCBuildConfiguration;
			buildSettings = {
				ALWAYS_SEARCH_USER_PATHS = NO;
				CLANG_ANALYZER_NONNULL = YES;
				CLANG_ANALYZER_NUMBER_OBJECT_CONVERSION = YES_AGGRESSIVE;
				CLANG_CXX_LANGUAGE_STANDARD = "gnu++17";
				CLANG_ENABLE_MODULES = YES;
				CLANG_ENABLE_OBJC_ARC = YES;
				CLANG_ENABLE_OBJC_WEAK = YES;
				CLANG_WARN_BLOCK_CAPTURE_AUTORELEASING = YES;
				CLANG_WARN_BOOL_CONVERSION = YES;
				CLANG_WARN_COMMA = YES;
				CLANG_WARN_CONSTANT_CONVERSION = YES;
				CLANG_WARN_DEPRECATED_OBJC_IMPLEMENTATIONS = YES;
				CLANG_WARN_DIRECT_OBJC_ISA_USAGE = YES_ERROR;
				CLANG_WARN_DOCUMENTATION_COMMENTS = YES;
				CLANG_WARN_EMPTY_BODY = YES;
				CLANG_WARN_ENUM_CONVERSION = YES;
				CLANG_WARN_INFINITE_RECURSION = YES;
				CLANG_WARN_INT_CONVERSION = YES;
				CLANG_WARN_NON_LITERAL_NULL_CONVERSION = YES;
				CLANG_WARN_OBJC_IMPLICIT_RETAIN_SELF = YES;
				CLANG_WARN_OBJC_LITERAL_CONVERSION = YES;
				CLANG_WARN_OBJC_ROOT_CLASS = YES_ERROR;
				CLANG_WARN_QUOTED_INCLUDE_IN_FRAMEWORK_HEADER = YES;
				CLANG_WARN_RANGE_LOOP_ANALYSIS = YES;
				CLANG_WARN_STRICT_PROTOTYPES = YES;
				CLANG_WARN_SUSPICIOUS_MOVE = YES;
				CLANG_WARN_UNGUARDED_AVAILABILITY = YES_AGGRESSIVE;
				CLANG_WARN_UNREACHABLE_CODE = YES;
				CLANG_WARN__DUPLICATE_METHOD_MATCH = YES;
				COPY_PHASE_STRIP = NO;
				DEBUG_INFORMATION_FORMAT = "dwarf-with-dsym";
				ENABLE_NS_ASSERTIONS = NO;
				ENABLE_STRICT_OBJC_MSGSEND = YES;
				GCC_C_LANGUAGE_STANDARD = gnu11;
				GCC_NO_COMMON_BLOCKS = YES;
				GCC_WARN_64_TO_32_BIT_CONVERSION = YES;
				GCC_WARN_ABOUT_RETURN_TYPE = YES_ERROR;
				GCC_WARN_UNDECLARED_SELECTOR = YES;
				GCC_WARN_UNINITIALIZED_AUTOS = YES_AGGRESSIVE;
				GCC_WARN_UNUSED_FUNCTION = YES;
				GCC_WARN_UNUSED_VARIABLE = YES;
				IPHONEOS_DEPLOYMENT_TARGET = 15.5;
				MTL_ENABLE_DEBUG_INFO = NO;
				MTL_FAST_MATH = YES;
				SDKROOT = iphoneos;
				SWIFT_COMPILATION_MODE = wholemodule;
				SWIFT_OPTIMIZATION_LEVEL = "-O";
				VALIDATE_PRODUCT = YES;
			};
			name = Release;
		};
		A223086228FE6ABA00B1E4AE /* Debug */ = {
			isa = XCBuildConfiguration;
			buildSettings = {
				ASSETCATALOG_COMPILER_APPICON_NAME = AppIcon;
				ASSETCATALOG_COMPILER_GLOBAL_ACCENT_COLOR_NAME = AccentColor;
				CODE_SIGN_STYLE = Automatic;
				CURRENT_PROJECT_VERSION = 1;
				GENERATE_INFOPLIST_FILE = YES;
				INFOPLIST_FILE = BookStore/Info.plist;
				INFOPLIST_KEY_UIApplicationSupportsIndirectInputEvents = YES;
				INFOPLIST_KEY_UILaunchStoryboardName = LaunchScreen;
				INFOPLIST_KEY_UISupportedInterfaceOrientations_iPad = "UIInterfaceOrientationPortrait UIInterfaceOrientationPortraitUpsideDown UIInterfaceOrientationLandscapeLeft UIInterfaceOrientationLandscapeRight";
				INFOPLIST_KEY_UISupportedInterfaceOrientations_iPhone = "UIInterfaceOrientationPortrait UIInterfaceOrientationLandscapeLeft UIInterfaceOrientationLandscapeRight";
				LD_RUNPATH_SEARCH_PATHS = (
					"$(inherited)",
					"@executable_path/Frameworks",
				);
				MARKETING_VERSION = 1.0;
				PRODUCT_BUNDLE_IDENTIFIER = seoyoung.BookStore;
				PRODUCT_NAME = "$(TARGET_NAME)";
				SWIFT_EMIT_LOC_STRINGS = YES;
				SWIFT_VERSION = 5.0;
				TARGETED_DEVICE_FAMILY = "1,2";
			};
			name = Debug;
		};
		A223086328FE6ABA00B1E4AE /* Release */ = {
			isa = XCBuildConfiguration;
			buildSettings = {
				ASSETCATALOG_COMPILER_APPICON_NAME = AppIcon;
				ASSETCATALOG_COMPILER_GLOBAL_ACCENT_COLOR_NAME = AccentColor;
				CODE_SIGN_STYLE = Automatic;
				CURRENT_PROJECT_VERSION = 1;
				GENERATE_INFOPLIST_FILE = YES;
				INFOPLIST_FILE = BookStore/Info.plist;
				INFOPLIST_KEY_UIApplicationSupportsIndirectInputEvents = YES;
				INFOPLIST_KEY_UILaunchStoryboardName = LaunchScreen;
				INFOPLIST_KEY_UISupportedInterfaceOrientations_iPad = "UIInterfaceOrientationPortrait UIInterfaceOrientationPortraitUpsideDown UIInterfaceOrientationLandscapeLeft UIInterfaceOrientationLandscapeRight";
				INFOPLIST_KEY_UISupportedInterfaceOrientations_iPhone = "UIInterfaceOrientationPortrait UIInterfaceOrientationLandscapeLeft UIInterfaceOrientationLandscapeRight";
				LD_RUNPATH_SEARCH_PATHS = (
					"$(inherited)",
					"@executable_path/Frameworks",
				);
				MARKETING_VERSION = 1.0;
				PRODUCT_BUNDLE_IDENTIFIER = seoyoung.BookStore;
				PRODUCT_NAME = "$(TARGET_NAME)";
				SWIFT_EMIT_LOC_STRINGS = YES;
				SWIFT_VERSION = 5.0;
				TARGETED_DEVICE_FAMILY = "1,2";
			};
			name = Release;
		};
		A223086528FE6ABA00B1E4AE /* Debug */ = {
			isa = XCBuildConfiguration;
			buildSettings = {
				ALWAYS_EMBED_SWIFT_STANDARD_LIBRARIES = YES;
				BUNDLE_LOADER = "$(TEST_HOST)";
				CODE_SIGN_STYLE = Automatic;
				CURRENT_PROJECT_VERSION = 1;
				GENERATE_INFOPLIST_FILE = YES;
				IPHONEOS_DEPLOYMENT_TARGET = 15.5;
				MARKETING_VERSION = 1.0;
				PRODUCT_BUNDLE_IDENTIFIER = seoyoung.BookStoreTests;
				PRODUCT_NAME = "$(TARGET_NAME)";
				SWIFT_EMIT_LOC_STRINGS = NO;
				SWIFT_VERSION = 5.0;
				TARGETED_DEVICE_FAMILY = "1,2";
				TEST_HOST = "$(BUILT_PRODUCTS_DIR)/BookStore.app/BookStore";
			};
			name = Debug;
		};
		A223086628FE6ABA00B1E4AE /* Release */ = {
			isa = XCBuildConfiguration;
			buildSettings = {
				ALWAYS_EMBED_SWIFT_STANDARD_LIBRARIES = YES;
				BUNDLE_LOADER = "$(TEST_HOST)";
				CODE_SIGN_STYLE = Automatic;
				CURRENT_PROJECT_VERSION = 1;
				GENERATE_INFOPLIST_FILE = YES;
				IPHONEOS_DEPLOYMENT_TARGET = 15.5;
				MARKETING_VERSION = 1.0;
				PRODUCT_BUNDLE_IDENTIFIER = seoyoung.BookStoreTests;
				PRODUCT_NAME = "$(TARGET_NAME)";
				SWIFT_EMIT_LOC_STRINGS = NO;
				SWIFT_VERSION = 5.0;
				TARGETED_DEVICE_FAMILY = "1,2";
				TEST_HOST = "$(BUILT_PRODUCTS_DIR)/BookStore.app/BookStore";
			};
			name = Release;
		};
		A223086828FE6ABA00B1E4AE /* Debug */ = {
			isa = XCBuildConfiguration;
			buildSettings = {
				ALWAYS_EMBED_SWIFT_STANDARD_LIBRARIES = YES;
				CODE_SIGN_STYLE = Automatic;
				CURRENT_PROJECT_VERSION = 1;
				GENERATE_INFOPLIST_FILE = YES;
				MARKETING_VERSION = 1.0;
				PRODUCT_BUNDLE_IDENTIFIER = seoyoung.BookStoreUITests;
				PRODUCT_NAME = "$(TARGET_NAME)";
				SWIFT_EMIT_LOC_STRINGS = NO;
				SWIFT_VERSION = 5.0;
				TARGETED_DEVICE_FAMILY = "1,2";
				TEST_TARGET_NAME = BookStore;
			};
			name = Debug;
		};
		A223086928FE6ABA00B1E4AE /* Release */ = {
			isa = XCBuildConfiguration;
			buildSettings = {
				ALWAYS_EMBED_SWIFT_STANDARD_LIBRARIES = YES;
				CODE_SIGN_STYLE = Automatic;
				CURRENT_PROJECT_VERSION = 1;
				GENERATE_INFOPLIST_FILE = YES;
				MARKETING_VERSION = 1.0;
				PRODUCT_BUNDLE_IDENTIFIER = seoyoung.BookStoreUITests;
				PRODUCT_NAME = "$(TARGET_NAME)";
				SWIFT_EMIT_LOC_STRINGS = NO;
				SWIFT_VERSION = 5.0;
				TARGETED_DEVICE_FAMILY = "1,2";
				TEST_TARGET_NAME = BookStore;
			};
			name = Release;
		};
/* End XCBuildConfiguration section */

/* Begin XCConfigurationList section */
		A223083228FE6AB800B1E4AE /* Build configuration list for PBXProject "BookStore" */ = {
			isa = XCConfigurationList;
			buildConfigurations = (
				A223085F28FE6ABA00B1E4AE /* Debug */,
				A223086028FE6ABA00B1E4AE /* Release */,
			);
			defaultConfigurationIsVisible = 0;
			defaultConfigurationName = Release;
		};
		A223086128FE6ABA00B1E4AE /* Build configuration list for PBXNativeTarget "BookStore" */ = {
			isa = XCConfigurationList;
			buildConfigurations = (
				A223086228FE6ABA00B1E4AE /* Debug */,
				A223086328FE6ABA00B1E4AE /* Release */,
			);
			defaultConfigurationIsVisible = 0;
			defaultConfigurationName = Release;
		};
		A223086428FE6ABA00B1E4AE /* Build configuration list for PBXNativeTarget "BookStoreTests" */ = {
			isa = XCConfigurationList;
			buildConfigurations = (
				A223086528FE6ABA00B1E4AE /* Debug */,
				A223086628FE6ABA00B1E4AE /* Release */,
			);
			defaultConfigurationIsVisible = 0;
			defaultConfigurationName = Release;
		};
		A223086728FE6ABA00B1E4AE /* Build configuration list for PBXNativeTarget "BookStoreUITests" */ = {
			isa = XCConfigurationList;
			buildConfigurations = (
				A223086828FE6ABA00B1E4AE /* Debug */,
				A223086928FE6ABA00B1E4AE /* Release */,
			);
			defaultConfigurationIsVisible = 0;
			defaultConfigurationName = Release;
		};
/* End XCConfigurationList section */

/* Begin XCRemoteSwiftPackageReference section */
		A260671228FE7BD700BC8761 /* XCRemoteSwiftPackageReference "SnapKit" */ = {
			isa = XCRemoteSwiftPackageReference;
			repositoryURL = "https://github.com/SnapKit/SnapKit";
			requirement = {
				kind = upToNextMinorVersion;
				minimumVersion = 5.6.0;
			};
		};
/* End XCRemoteSwiftPackageReference section */

/* Begin XCSwiftPackageProductDependency section */
		A260671328FE7BD700BC8761 /* SnapKit */ = {
			isa = XCSwiftPackageProductDependency;
			package = A260671228FE7BD700BC8761 /* XCRemoteSwiftPackageReference "SnapKit" */;
			productName = SnapKit;
		};
/* End XCSwiftPackageProductDependency section */
	};
	rootObject = A223082F28FE6AB800B1E4AE /* Project object */;
}
